
Microsoft Visual Studio Solution File, Format Version 12.00
# Visual Studio Version 17
VisualStudioVersion = 17.5.33516.290
MinimumVisualStudioVersion = 10.0.40219.1
Project("{FAE04EC0-301F-11D3-BF4B-00C04F79EFBC}") = "JwtWebApiTutorial", "JwtWebApiTutorial\JwtWebApiTutorial.csproj", "{2998AFAD-0142-467F-8B51-33030586F73B}"
EndProject
Global
	GlobalSection(SolutionConfigurationPlatforms) = preSolution
		Debug|Any CPU = Debug|Any CPU
		Release|Any CPU = Release|Any CPU
	EndGlobalSection
	GlobalSection(ProjectConfigurationPlatforms) = postSolution
		{2998AFAD-0142-467F-8B51-33030586F73B}.Debug|Any CPU.ActiveCfg = Debug|Any CPU
		{2998AFAD-0142-467F-8B51-33030586F73B}.Debug|Any CPU.Build.0 = Debug|Any CPU
		{2998AFAD-0142-467F-8B51-33030586F73B}.Release|Any CPU.ActiveCfg = Release|Any CPU
		{2998AFAD-0142-467F-8B51-33030586F73B}.Release|Any CPU.Build.0 = Release|Any CPU
	EndGlobalSection
	GlobalSection(SolutionProperties) = preSolution
		HideSolutionNode = FALSE
	EndGlobalSection
	GlobalSection(ExtensibilityGlobals) = postSolution
		SolutionGuid = {21C5DF1C-568D-46E9-B070-C13E58400B57}
	EndGlobalSection
EndGlobal
